// !$*UTF8*$!
{
	archiveVersion = 1;
	classes = {
	};
	objectVersion = 56;
	objects = {

/* Begin PBXBuildFile section */
		C01C9A2D2C84CCD50081C4CC /* StatisticModel.swift in Sources */ = {isa = PBXBuildFile; fileRef = C01C9A2C2C84CCD50081C4CC /* StatisticModel.swift */; };
		C01C9A2F2C84CDCF0081C4CC /* StatisticView.swift in Sources */ = {isa = PBXBuildFile; fileRef = C01C9A2E2C84CDCF0081C4CC /* StatisticView.swift */; };
		C01C9A312C84D0470081C4CC /* HomeStatsView.swift in Sources */ = {isa = PBXBuildFile; fileRef = C01C9A302C84D0470081C4CC /* HomeStatsView.swift */; };
		C01C9A332C84D39D0081C4CC /* MarketDataModel.swift in Sources */ = {isa = PBXBuildFile; fileRef = C01C9A322C84D39D0081C4CC /* MarketDataModel.swift */; };
		C01C9A352C84D6B60081C4CC /* MarketDataService.swift in Sources */ = {isa = PBXBuildFile; fileRef = C01C9A342C84D6B60081C4CC /* MarketDataService.swift */; };
		C05CADA02C9896B700103121 /* ChartView.swift in Sources */ = {isa = PBXBuildFile; fileRef = C05CAD9F2C9896B700103121 /* ChartView.swift */; };
		C06EBAD22C91FFEA00B3FE6E /* DetailView.swift in Sources */ = {isa = PBXBuildFile; fileRef = C06EBAD12C91FFEA00B3FE6E /* DetailView.swift */; };
		C06EBAD42C9205E700B3FE6E /* CoinDetailModel.swift in Sources */ = {isa = PBXBuildFile; fileRef = C06EBAD32C9205E700B3FE6E /* CoinDetailModel.swift */; };
		C06EBAD72C92083100B3FE6E /* DetailViewModel.swift in Sources */ = {isa = PBXBuildFile; fileRef = C06EBAD62C92083100B3FE6E /* DetailViewModel.swift */; };
		C06EBAD92C92DD8500B3FE6E /* CoinDetailDataService.swift in Sources */ = {isa = PBXBuildFile; fileRef = C06EBAD82C92DD8500B3FE6E /* CoinDetailDataService.swift */; };
		C09BC1A02C7E1BA30045C509 /* CoinImageView.swift in Sources */ = {isa = PBXBuildFile; fileRef = C09BC19F2C7E1BA20045C509 /* CoinImageView.swift */; };
		C09BC1A22C7E1CA80045C509 /* CoinImageService.swift in Sources */ = {isa = PBXBuildFile; fileRef = C09BC1A12C7E1CA80045C509 /* CoinImageService.swift */; };
		C09BC1A42C7E1DB00045C509 /* CoinImageViewModel.swift in Sources */ = {isa = PBXBuildFile; fileRef = C09BC1A32C7E1DB00045C509 /* CoinImageViewModel.swift */; };
		C09BC1A72C7E24130045C509 /* LocalFileManager.swift in Sources */ = {isa = PBXBuildFile; fileRef = C09BC1A62C7E24130045C509 /* LocalFileManager.swift */; };
		C09BC1A92C7E2BED0045C509 /* SearchBarView.swift in Sources */ = {isa = PBXBuildFile; fileRef = C09BC1A82C7E2BED0045C509 /* SearchBarView.swift */; };
		C09BD33E2C7C8DF600638656 /* CoinModel.swift in Sources */ = {isa = PBXBuildFile; fileRef = C09BD33D2C7C8DF600638656 /* CoinModel.swift */; };
		C09BD3402C7C963400638656 /* CoinRowView.swift in Sources */ = {isa = PBXBuildFile; fileRef = C09BD33F2C7C963400638656 /* CoinRowView.swift */; };
		C09BD3422C7CA97B00638656 /* HomeViewModel.swift in Sources */ = {isa = PBXBuildFile; fileRef = C09BD3412C7CA97B00638656 /* HomeViewModel.swift */; };
		C0E3729C2C737326006461ED /* SwiftUICryptoAppApp.swift in Sources */ = {isa = PBXBuildFile; fileRef = C0E3729B2C737326006461ED /* SwiftUICryptoAppApp.swift */; };
		C0E3729E2C737326006461ED /* ContentView.swift in Sources */ = {isa = PBXBuildFile; fileRef = C0E3729D2C737326006461ED /* ContentView.swift */; };
		C0E372A32C737329006461ED /* Preview Assets.xcassets in Resources */ = {isa = PBXBuildFile; fileRef = C0E372A22C737329006461ED /* Preview Assets.xcassets */; };
		C0E372AA2C7373E7006461ED /* Assets.xcassets in Resources */ = {isa = PBXBuildFile; fileRef = C0E372A92C7373E7006461ED /* Assets.xcassets */; };
		C0E372B22C737557006461ED /* Color.swift in Sources */ = {isa = PBXBuildFile; fileRef = C0E372B12C73747D006461ED /* Color.swift */; };
		C0E372B32C737557006461ED /* Double.swift in Sources */ = {isa = PBXBuildFile; fileRef = C0E372AF2C73747D006461ED /* Double.swift */; };
		C0E372B42C737557006461ED /* Date.swift in Sources */ = {isa = PBXBuildFile; fileRef = C0E372AC2C73747D006461ED /* Date.swift */; };
		C0E372B52C737557006461ED /* String.swift in Sources */ = {isa = PBXBuildFile; fileRef = C0E372AE2C73747D006461ED /* String.swift */; };
		C0E372B62C737557006461ED /* UIApplication.swift in Sources */ = {isa = PBXBuildFile; fileRef = C0E372B02C73747D006461ED /* UIApplication.swift */; };
		C0E372B72C737557006461ED /* PreviewProvider.swift in Sources */ = {isa = PBXBuildFile; fileRef = C0E372AD2C73747D006461ED /* PreviewProvider.swift */; };
		C0E372BD2C737E8B006461ED /* HomeView.swift in Sources */ = {isa = PBXBuildFile; fileRef = C0E372BC2C737E8B006461ED /* HomeView.swift */; };
		C0E372C12C737F9F006461ED /* CircleButtonView.swift in Sources */ = {isa = PBXBuildFile; fileRef = C0E372C02C737F9F006461ED /* CircleButtonView.swift */; };
		C0E372C32C748AFA006461ED /* CircleButtonAnimationView.swift in Sources */ = {isa = PBXBuildFile; fileRef = C0E372C22C748AFA006461ED /* CircleButtonAnimationView.swift */; };
		C0EF4B282C7CD7560059CA83 /* CoinDataService.swift in Sources */ = {isa = PBXBuildFile; fileRef = C0EF4B272C7CD7560059CA83 /* CoinDataService.swift */; };
		C0EF4B2B2C7CE1900059CA83 /* NetworkingManager.swift in Sources */ = {isa = PBXBuildFile; fileRef = C0EF4B2A2C7CE1900059CA83 /* NetworkingManager.swift */; };
		C0EF5A472C87214E00EBEFF5 /* PortfolioView.swift in Sources */ = {isa = PBXBuildFile; fileRef = C0EF5A462C87214E00EBEFF5 /* PortfolioView.swift */; };
		C0EF5A492C87234300EBEFF5 /* XmarkButton.swift in Sources */ = {isa = PBXBuildFile; fileRef = C0EF5A482C87234300EBEFF5 /* XmarkButton.swift */; };
		C0EF5A4B2C8725F000EBEFF5 /* CoinLogoView.swift in Sources */ = {isa = PBXBuildFile; fileRef = C0EF5A4A2C8725F000EBEFF5 /* CoinLogoView.swift */; };
		C0EF5A4D2C876BCE00EBEFF5 /* PortfolioDataService.swift in Sources */ = {isa = PBXBuildFile; fileRef = C0EF5A4C2C876BCE00EBEFF5 /* PortfolioDataService.swift */; };
		C0EF5A502C876C0400EBEFF5 /* PortfolioContainer.xcdatamodeld in Sources */ = {isa = PBXBuildFile; fileRef = C0EF5A4E2C876C0400EBEFF5 /* PortfolioContainer.xcdatamodeld */; };
		C0EFF5EB2C8F4F8A00E41C3E /* HapticManager.swift in Sources */ = {isa = PBXBuildFile; fileRef = C0EFF5EA2C8F4F8A00E41C3E /* HapticManager.swift */; };
/* End PBXBuildFile section */

/* Begin PBXFileReference section */
		C01C9A2C2C84CCD50081C4CC /* StatisticModel.swift */ = {isa = PBXFileReference; lastKnownFileType = sourcecode.swift; path = StatisticModel.swift; sourceTree = "<group>"; };
		C01C9A2E2C84CDCF0081C4CC /* StatisticView.swift */ = {isa = PBXFileReference; lastKnownFileType = sourcecode.swift; path = StatisticView.swift; sourceTree = "<group>"; };
		C01C9A302C84D0470081C4CC /* HomeStatsView.swift */ = {isa = PBXFileReference; lastKnownFileType = sourcecode.swift; path = HomeStatsView.swift; sourceTree = "<group>"; };
		C01C9A322C84D39D0081C4CC /* MarketDataModel.swift */ = {isa = PBXFileReference; lastKnownFileType = sourcecode.swift; path = MarketDataModel.swift; sourceTree = "<group>"; };
		C01C9A342C84D6B60081C4CC /* MarketDataService.swift */ = {isa = PBXFileReference; lastKnownFileType = sourcecode.swift; path = MarketDataService.swift; sourceTree = "<group>"; };
		C05CAD9F2C9896B700103121 /* ChartView.swift */ = {isa = PBXFileReference; lastKnownFileType = sourcecode.swift; path = ChartView.swift; sourceTree = "<group>"; };
		C06EBAD12C91FFEA00B3FE6E /* DetailView.swift */ = {isa = PBXFileReference; lastKnownFileType = sourcecode.swift; path = DetailView.swift; sourceTree = "<group>"; };
		C06EBAD32C9205E700B3FE6E /* CoinDetailModel.swift */ = {isa = PBXFileReference; lastKnownFileType = sourcecode.swift; path = CoinDetailModel.swift; sourceTree = "<group>"; };
		C06EBAD62C92083100B3FE6E /* DetailViewModel.swift */ = {isa = PBXFileReference; lastKnownFileType = sourcecode.swift; path = DetailViewModel.swift; sourceTree = "<group>"; };
		C06EBAD82C92DD8500B3FE6E /* CoinDetailDataService.swift */ = {isa = PBXFileReference; lastKnownFileType = sourcecode.swift; path = CoinDetailDataService.swift; sourceTree = "<group>"; };
		C09BC19F2C7E1BA20045C509 /* CoinImageView.swift */ = {isa = PBXFileReference; lastKnownFileType = sourcecode.swift; path = CoinImageView.swift; sourceTree = "<group>"; };
		C09BC1A12C7E1CA80045C509 /* CoinImageService.swift */ = {isa = PBXFileReference; lastKnownFileType = sourcecode.swift; path = CoinImageService.swift; sourceTree = "<group>"; };
		C09BC1A32C7E1DB00045C509 /* CoinImageViewModel.swift */ = {isa = PBXFileReference; lastKnownFileType = sourcecode.swift; path = CoinImageViewModel.swift; sourceTree = "<group>"; };
		C09BC1A62C7E24130045C509 /* LocalFileManager.swift */ = {isa = PBXFileReference; lastKnownFileType = sourcecode.swift; path = LocalFileManager.swift; sourceTree = "<group>"; };
		C09BC1A82C7E2BED0045C509 /* SearchBarView.swift */ = {isa = PBXFileReference; lastKnownFileType = sourcecode.swift; path = SearchBarView.swift; sourceTree = "<group>"; };
		C09BD33D2C7C8DF600638656 /* CoinModel.swift */ = {isa = PBXFileReference; lastKnownFileType = sourcecode.swift; path = CoinModel.swift; sourceTree = "<group>"; };
		C09BD33F2C7C963400638656 /* CoinRowView.swift */ = {isa = PBXFileReference; lastKnownFileType = sourcecode.swift; path = CoinRowView.swift; sourceTree = "<group>"; };
		C09BD3412C7CA97B00638656 /* HomeViewModel.swift */ = {isa = PBXFileReference; lastKnownFileType = sourcecode.swift; path = HomeViewModel.swift; sourceTree = "<group>"; };
		C0E372982C737326006461ED /* SwiftUICryptoApp.app */ = {isa = PBXFileReference; explicitFileType = wrapper.application; includeInIndex = 0; path = SwiftUICryptoApp.app; sourceTree = BUILT_PRODUCTS_DIR; };
		C0E3729B2C737326006461ED /* SwiftUICryptoAppApp.swift */ = {isa = PBXFileReference; lastKnownFileType = sourcecode.swift; path = SwiftUICryptoAppApp.swift; sourceTree = "<group>"; };
		C0E3729D2C737326006461ED /* ContentView.swift */ = {isa = PBXFileReference; lastKnownFileType = sourcecode.swift; path = ContentView.swift; sourceTree = "<group>"; };
		C0E372A22C737329006461ED /* Preview Assets.xcassets */ = {isa = PBXFileReference; lastKnownFileType = folder.assetcatalog; path = "Preview Assets.xcassets"; sourceTree = "<group>"; };
		C0E372A92C7373E7006461ED /* Assets.xcassets */ = {isa = PBXFileReference; lastKnownFileType = folder.assetcatalog; name = Assets.xcassets; path = ../../../../../../Downloads/Resources/Assets.xcassets; sourceTree = "<group>"; };
		C0E372AC2C73747D006461ED /* Date.swift */ = {isa = PBXFileReference; lastKnownFileType = sourcecode.swift; path = Date.swift; sourceTree = "<group>"; };
		C0E372AD2C73747D006461ED /* PreviewProvider.swift */ = {isa = PBXFileReference; lastKnownFileType = sourcecode.swift; path = PreviewProvider.swift; sourceTree = "<group>"; };
		C0E372AE2C73747D006461ED /* String.swift */ = {isa = PBXFileReference; lastKnownFileType = sourcecode.swift; path = String.swift; sourceTree = "<group>"; };
		C0E372AF2C73747D006461ED /* Double.swift */ = {isa = PBXFileReference; lastKnownFileType = sourcecode.swift; path = Double.swift; sourceTree = "<group>"; };
		C0E372B02C73747D006461ED /* UIApplication.swift */ = {isa = PBXFileReference; lastKnownFileType = sourcecode.swift; path = UIApplication.swift; sourceTree = "<group>"; };
		C0E372B12C73747D006461ED /* Color.swift */ = {isa = PBXFileReference; lastKnownFileType = sourcecode.swift; path = Color.swift; sourceTree = "<group>"; };
		C0E372BC2C737E8B006461ED /* HomeView.swift */ = {isa = PBXFileReference; lastKnownFileType = sourcecode.swift; path = HomeView.swift; sourceTree = "<group>"; };
		C0E372C02C737F9F006461ED /* CircleButtonView.swift */ = {isa = PBXFileReference; lastKnownFileType = sourcecode.swift; path = CircleButtonView.swift; sourceTree = "<group>"; };
		C0E372C22C748AFA006461ED /* CircleButtonAnimationView.swift */ = {isa = PBXFileReference; lastKnownFileType = sourcecode.swift; path = CircleButtonAnimationView.swift; sourceTree = "<group>"; };
		C0EF4B272C7CD7560059CA83 /* CoinDataService.swift */ = {isa = PBXFileReference; lastKnownFileType = sourcecode.swift; path = CoinDataService.swift; sourceTree = "<group>"; };
		C0EF4B2A2C7CE1900059CA83 /* NetworkingManager.swift */ = {isa = PBXFileReference; lastKnownFileType = sourcecode.swift; path = NetworkingManager.swift; sourceTree = "<group>"; };
		C0EF5A462C87214E00EBEFF5 /* PortfolioView.swift */ = {isa = PBXFileReference; lastKnownFileType = sourcecode.swift; path = PortfolioView.swift; sourceTree = "<group>"; };
		C0EF5A482C87234300EBEFF5 /* XmarkButton.swift */ = {isa = PBXFileReference; lastKnownFileType = sourcecode.swift; path = XmarkButton.swift; sourceTree = "<group>"; };
		C0EF5A4A2C8725F000EBEFF5 /* CoinLogoView.swift */ = {isa = PBXFileReference; lastKnownFileType = sourcecode.swift; path = CoinLogoView.swift; sourceTree = "<group>"; };
		C0EF5A4C2C876BCE00EBEFF5 /* PortfolioDataService.swift */ = {isa = PBXFileReference; lastKnownFileType = sourcecode.swift; path = PortfolioDataService.swift; sourceTree = "<group>"; };
		C0EF5A4F2C876C0400EBEFF5 /* PortfolioContainer.xcdatamodel */ = {isa = PBXFileReference; lastKnownFileType = wrapper.xcdatamodel; path = PortfolioContainer.xcdatamodel; sourceTree = "<group>"; };
		C0EFF5EA2C8F4F8A00E41C3E /* HapticManager.swift */ = {isa = PBXFileReference; lastKnownFileType = sourcecode.swift; path = HapticManager.swift; sourceTree = "<group>"; };
/* End PBXFileReference section */

/* Begin PBXFrameworksBuildPhase section */
		C0E372952C737326006461ED /* Frameworks */ = {
			isa = PBXFrameworksBuildPhase;
			buildActionMask = 2147483647;
			files = (
			);
			runOnlyForDeploymentPostprocessing = 0;
		};
/* End PBXFrameworksBuildPhase section */

/* Begin PBXGroup section */
		C06EBACE2C91FFBF00B3FE6E /* Detail */ = {
			isa = PBXGroup;
			children = (
				C06EBAD02C91FFD600B3FE6E /* Views */,
				C06EBACF2C91FFD000B3FE6E /* ViewModels */,
			);
			path = Detail;
			sourceTree = "<group>";
		};
		C06EBACF2C91FFD000B3FE6E /* ViewModels */ = {
			isa = PBXGroup;
			children = (
				C06EBAD62C92083100B3FE6E /* DetailViewModel.swift */,
			);
			path = ViewModels;
			sourceTree = "<group>";
		};
		C06EBAD02C91FFD600B3FE6E /* Views */ = {
			isa = PBXGroup;
			children = (
				C06EBAD12C91FFEA00B3FE6E /* DetailView.swift */,
				C05CAD9F2C9896B700103121 /* ChartView.swift */,
			);
			path = Views;
			sourceTree = "<group>";
		};
		C09BC19E2C7E1B950045C509 /* CoinImage */ = {
			isa = PBXGroup;
			children = (
				C09BC19F2C7E1BA20045C509 /* CoinImageView.swift */,
				C09BC1A32C7E1DB00045C509 /* CoinImageViewModel.swift */,
				C0EF5A4A2C8725F000EBEFF5 /* CoinLogoView.swift */,
			);
			path = CoinImage;
			sourceTree = "<group>";
		};
		C09BD33C2C7C8DD800638656 /* Models */ = {
			isa = PBXGroup;
			children = (
				C09BD33D2C7C8DF600638656 /* CoinModel.swift */,
				C01C9A2C2C84CCD50081C4CC /* StatisticModel.swift */,
				C01C9A322C84D39D0081C4CC /* MarketDataModel.swift */,
				C0EF5A4E2C876C0400EBEFF5 /* PortfolioContainer.xcdatamodeld */,
				C06EBAD32C9205E700B3FE6E /* CoinDetailModel.swift */,
			);
			path = Models;
			sourceTree = "<group>";
		};
		C0E3728F2C737326006461ED = {
			isa = PBXGroup;
			children = (
				C0E3729A2C737326006461ED /* SwiftUICryptoApp */,
				C0E372992C737326006461ED /* Products */,
			);
			sourceTree = "<group>";
		};
		C0E372992C737326006461ED /* Products */ = {
			isa = PBXGroup;
			children = (
				C0E372982C737326006461ED /* SwiftUICryptoApp.app */,
			);
			name = Products;
			sourceTree = "<group>";
		};
		C0E3729A2C737326006461ED /* SwiftUICryptoApp */ = {
			isa = PBXGroup;
			children = (
				C0E3729B2C737326006461ED /* SwiftUICryptoAppApp.swift */,
				C0E3729D2C737326006461ED /* ContentView.swift */,
				C09BD33C2C7C8DD800638656 /* Models */,
				C0E372B82C737E58006461ED /* Core */,
				C0E372AB2C73747D006461ED /* Extensions */,
				C0EF4B262C7CD7330059CA83 /* Services */,
				C0EF4B292C7CE16D0059CA83 /* Utilities */,
				C0E372A92C7373E7006461ED /* Assets.xcassets */,
				C0E372A12C737329006461ED /* Preview Content */,
			);
			path = SwiftUICryptoApp;
			sourceTree = "<group>";
		};
		C0E372A12C737329006461ED /* Preview Content */ = {
			isa = PBXGroup;
			children = (
				C0E372A22C737329006461ED /* Preview Assets.xcassets */,
			);
			path = "Preview Content";
			sourceTree = "<group>";
		};
		C0E372AB2C73747D006461ED /* Extensions */ = {
			isa = PBXGroup;
			children = (
				C0E372AC2C73747D006461ED /* Date.swift */,
				C0E372AD2C73747D006461ED /* PreviewProvider.swift */,
				C0E372AE2C73747D006461ED /* String.swift */,
				C0E372AF2C73747D006461ED /* Double.swift */,
				C0E372B02C73747D006461ED /* UIApplication.swift */,
				C0E372B12C73747D006461ED /* Color.swift */,
			);
			path = Extensions;
			sourceTree = "<group>";
		};
		C0E372B82C737E58006461ED /* Core */ = {
			isa = PBXGroup;
			children = (
				C0E372BE2C737F74006461ED /* Components */,
				C0E372B92C737E6B006461ED /* Home */,
				C06EBACE2C91FFBF00B3FE6E /* Detail */,
			);
			path = Core;
			sourceTree = "<group>";
		};
		C0E372B92C737E6B006461ED /* Home */ = {
			isa = PBXGroup;
			children = (
				C0E372BB2C737E7E006461ED /* ViewModels */,
				C0E372BA2C737E77006461ED /* Views */,
			);
			path = Home;
			sourceTree = "<group>";
		};
		C0E372BA2C737E77006461ED /* Views */ = {
			isa = PBXGroup;
			children = (
				C0E372BC2C737E8B006461ED /* HomeView.swift */,
				C09BD33F2C7C963400638656 /* CoinRowView.swift */,
				C01C9A302C84D0470081C4CC /* HomeStatsView.swift */,
				C0EF5A462C87214E00EBEFF5 /* PortfolioView.swift */,
			);
			path = Views;
			sourceTree = "<group>";
		};
		C0E372BB2C737E7E006461ED /* ViewModels */ = {
			isa = PBXGroup;
			children = (
				C09BD3412C7CA97B00638656 /* HomeViewModel.swift */,
			);
			path = ViewModels;
			sourceTree = "<group>";
		};
		C0E372BE2C737F74006461ED /* Components */ = {
			isa = PBXGroup;
			children = (
				C09BC19E2C7E1B950045C509 /* CoinImage */,
				C0E372BF2C737F90006461ED /* CircleButton */,
				C09BC1A82C7E2BED0045C509 /* SearchBarView.swift */,
				C01C9A2E2C84CDCF0081C4CC /* StatisticView.swift */,
				C0EF5A482C87234300EBEFF5 /* XmarkButton.swift */,
			);
			path = Components;
			sourceTree = "<group>";
		};
		C0E372BF2C737F90006461ED /* CircleButton */ = {
			isa = PBXGroup;
			children = (
				C0E372C02C737F9F006461ED /* CircleButtonView.swift */,
				C0E372C22C748AFA006461ED /* CircleButtonAnimationView.swift */,
			);
			path = CircleButton;
			sourceTree = "<group>";
		};
		C0EF4B262C7CD7330059CA83 /* Services */ = {
			isa = PBXGroup;
			children = (
				C0EF4B272C7CD7560059CA83 /* CoinDataService.swift */,
				C09BC1A12C7E1CA80045C509 /* CoinImageService.swift */,
				C01C9A342C84D6B60081C4CC /* MarketDataService.swift */,
				C0EF5A4C2C876BCE00EBEFF5 /* PortfolioDataService.swift */,
				C06EBAD82C92DD8500B3FE6E /* CoinDetailDataService.swift */,
			);
			path = Services;
			sourceTree = "<group>";
		};
		C0EF4B292C7CE16D0059CA83 /* Utilities */ = {
			isa = PBXGroup;
			children = (
				C0EF4B2A2C7CE1900059CA83 /* NetworkingManager.swift */,
				C09BC1A62C7E24130045C509 /* LocalFileManager.swift */,
				C0EFF5EA2C8F4F8A00E41C3E /* HapticManager.swift */,
			);
			path = Utilities;
			sourceTree = "<group>";
		};
/* End PBXGroup section */

/* Begin PBXNativeTarget section */
		C0E372972C737326006461ED /* SwiftUICryptoApp */ = {
			isa = PBXNativeTarget;
			buildConfigurationList = C0E372A62C737329006461ED /* Build configuration list for PBXNativeTarget "SwiftUICryptoApp" */;
			buildPhases = (
				C0E372942C737326006461ED /* Sources */,
				C0E372952C737326006461ED /* Frameworks */,
				C0E372962C737326006461ED /* Resources */,
			);
			buildRules = (
			);
			dependencies = (
			);
			name = SwiftUICryptoApp;
			productName = SwiftUICryptoApp;
			productReference = C0E372982C737326006461ED /* SwiftUICryptoApp.app */;
			productType = "com.apple.product-type.application";
		};
/* End PBXNativeTarget section */

/* Begin PBXProject section */
		C0E372902C737326006461ED /* Project object */ = {
			isa = PBXProject;
			attributes = {
				BuildIndependentTargetsInParallel = 1;
				LastSwiftUpdateCheck = 1500;
				LastUpgradeCheck = 1500;
				TargetAttributes = {
					C0E372972C737326006461ED = {
						CreatedOnToolsVersion = 15.0.1;
					};
				};
			};
			buildConfigurationList = C0E372932C737326006461ED /* Build configuration list for PBXProject "SwiftUICryptoApp" */;
			compatibilityVersion = "Xcode 14.0";
			developmentRegion = en;
			hasScannedForEncodings = 0;
			knownRegions = (
				en,
				Base,
			);
			mainGroup = C0E3728F2C737326006461ED;
			productRefGroup = C0E372992C737326006461ED /* Products */;
			projectDirPath = "";
			projectRoot = "";
			targets = (
				C0E372972C737326006461ED /* SwiftUICryptoApp */,
			);
		};
/* End PBXProject section */

/* Begin PBXResourcesBuildPhase section */
		C0E372962C737326006461ED /* Resources */ = {
			isa = PBXResourcesBuildPhase;
			buildActionMask = 2147483647;
			files = (
				C0E372A32C737329006461ED /* Preview Assets.xcassets in Resources */,
				C0E372AA2C7373E7006461ED /* Assets.xcassets in Resources */,
			);
			runOnlyForDeploymentPostprocessing = 0;
		};
/* End PBXResourcesBuildPhase section */

/* Begin PBXSourcesBuildPhase section */
		C0E372942C737326006461ED /* Sources */ = {
			isa = PBXSourcesBuildPhase;
			buildActionMask = 2147483647;
			files = (
				C0E372BD2C737E8B006461ED /* HomeView.swift in Sources */,
				C09BD3402C7C963400638656 /* CoinRowView.swift in Sources */,
				C0EFF5EB2C8F4F8A00E41C3E /* HapticManager.swift in Sources */,
				C0E372C32C748AFA006461ED /* CircleButtonAnimationView.swift in Sources */,
				C0EF4B282C7CD7560059CA83 /* CoinDataService.swift in Sources */,
				C0E372B52C737557006461ED /* String.swift in Sources */,
				C0EF4B2B2C7CE1900059CA83 /* NetworkingManager.swift in Sources */,
				C0EF5A4D2C876BCE00EBEFF5 /* PortfolioDataService.swift in Sources */,
				C0E372B62C737557006461ED /* UIApplication.swift in Sources */,
				C0EF5A472C87214E00EBEFF5 /* PortfolioView.swift in Sources */,
				C09BC1A72C7E24130045C509 /* LocalFileManager.swift in Sources */,
				C09BD33E2C7C8DF600638656 /* CoinModel.swift in Sources */,
				C0E3729E2C737326006461ED /* ContentView.swift in Sources */,
				C09BC1A92C7E2BED0045C509 /* SearchBarView.swift in Sources */,
				C0E372B42C737557006461ED /* Date.swift in Sources */,
				C01C9A2D2C84CCD50081C4CC /* StatisticModel.swift in Sources */,
				C06EBAD22C91FFEA00B3FE6E /* DetailView.swift in Sources */,
				C01C9A352C84D6B60081C4CC /* MarketDataService.swift in Sources */,
				C0E3729C2C737326006461ED /* SwiftUICryptoAppApp.swift in Sources */,
				C06EBAD42C9205E700B3FE6E /* CoinDetailModel.swift in Sources */,
				C01C9A2F2C84CDCF0081C4CC /* StatisticView.swift in Sources */,
				C09BD3422C7CA97B00638656 /* HomeViewModel.swift in Sources */,
				C05CADA02C9896B700103121 /* ChartView.swift in Sources */,
				C09BC1A02C7E1BA30045C509 /* CoinImageView.swift in Sources */,
				C06EBAD72C92083100B3FE6E /* DetailViewModel.swift in Sources */,
				C01C9A312C84D0470081C4CC /* HomeStatsView.swift in Sources */,
				C0EF5A502C876C0400EBEFF5 /* PortfolioContainer.xcdatamodeld in Sources */,
				C0E372B72C737557006461ED /* PreviewProvider.swift in Sources */,
				C0EF5A4B2C8725F000EBEFF5 /* CoinLogoView.swift in Sources */,
				C0E372B32C737557006461ED /* Double.swift in Sources */,
				C06EBAD92C92DD8500B3FE6E /* CoinDetailDataService.swift in Sources */,
				C0E372C12C737F9F006461ED /* CircleButtonView.swift in Sources */,
				C0EF5A492C87234300EBEFF5 /* XmarkButton.swift in Sources */,
				C09BC1A42C7E1DB00045C509 /* CoinImageViewModel.swift in Sources */,
				C09BC1A22C7E1CA80045C509 /* CoinImageService.swift in Sources */,
				C01C9A332C84D39D0081C4CC /* MarketDataModel.swift in Sources */,
				C0E372B22C737557006461ED /* Color.swift in Sources */,
			);
			runOnlyForDeploymentPostprocessing = 0;
		};
/* End PBXSourcesBuildPhase section */

/* Begin XCBuildConfiguration section */
		C0E372A42C737329006461ED /* Debug */ = {
			isa = XCBuildConfiguration;
			buildSettings = {
				ALWAYS_SEARCH_USER_PATHS = NO;
				ASSETCATALOG_COMPILER_GENERATE_SWIFT_ASSET_SYMBOL_EXTENSIONS = YES;
				CLANG_ANALYZER_NONNULL = YES;
				CLANG_ANALYZER_NUMBER_OBJECT_CONVERSION = YES_AGGRESSIVE;
				CLANG_CXX_LANGUAGE_STANDARD = "gnu++20";
				CLANG_ENABLE_MODULES = YES;
				CLANG_ENABLE_OBJC_ARC = YES;
				CLANG_ENABLE_OBJC_WEAK = YES;
				CLANG_WARN_BLOCK_CAPTURE_AUTORELEASING = YES;
				CLANG_WARN_BOOL_CONVERSION = YES;
				CLANG_WARN_COMMA = YES;
				CLANG_WARN_CONSTANT_CONVERSION = YES;
				CLANG_WARN_DEPRECATED_OBJC_IMPLEMENTATIONS = YES;
				CLANG_WARN_DIRECT_OBJC_ISA_USAGE = YES_ERROR;
				CLANG_WARN_DOCUMENTATION_COMMENTS = YES;
				CLANG_WARN_EMPTY_BODY = YES;
				CLANG_WARN_ENUM_CONVERSION = YES;
				CLANG_WARN_INFINITE_RECURSION = YES;
				CLANG_WARN_INT_CONVERSION = YES;
				CLANG_WARN_NON_LITERAL_NULL_CONVERSION = YES;
				CLANG_WARN_OBJC_IMPLICIT_RETAIN_SELF = YES;
				CLANG_WARN_OBJC_LITERAL_CONVERSION = YES;
				CLANG_WARN_OBJC_ROOT_CLASS = YES_ERROR;
				CLANG_WARN_QUOTED_INCLUDE_IN_FRAMEWORK_HEADER = YES;
				CLANG_WARN_RANGE_LOOP_ANALYSIS = YES;
				CLANG_WARN_STRICT_PROTOTYPES = YES;
				CLANG_WARN_SUSPICIOUS_MOVE = YES;
				CLANG_WARN_UNGUARDED_AVAILABILITY = YES_AGGRESSIVE;
				CLANG_WARN_UNREACHABLE_CODE = YES;
				CLANG_WARN__DUPLICATE_METHOD_MATCH = YES;
				COPY_PHASE_STRIP = NO;
				DEBUG_INFORMATION_FORMAT = dwarf;
				ENABLE_STRICT_OBJC_MSGSEND = YES;
				ENABLE_TESTABILITY = YES;
				ENABLE_USER_SCRIPT_SANDBOXING = YES;
				GCC_C_LANGUAGE_STANDARD = gnu17;
				GCC_DYNAMIC_NO_PIC = NO;
				GCC_NO_COMMON_BLOCKS = YES;
				GCC_OPTIMIZATION_LEVEL = 0;
				GCC_PREPROCESSOR_DEFINITIONS = (
					"DEBUG=1",
					"$(inherited)",
				);
				GCC_WARN_64_TO_32_BIT_CONVERSION = YES;
				GCC_WARN_ABOUT_RETURN_TYPE = YES_ERROR;
				GCC_WARN_UNDECLARED_SELECTOR = YES;
				GCC_WARN_UNINITIALIZED_AUTOS = YES_AGGRESSIVE;
				GCC_WARN_UNUSED_FUNCTION = YES;
				GCC_WARN_UNUSED_VARIABLE = YES;
				IPHONEOS_DEPLOYMENT_TARGET = 17.0;
				LOCALIZATION_PREFERS_STRING_CATALOGS = YES;
				MTL_ENABLE_DEBUG_INFO = INCLUDE_SOURCE;
				MTL_FAST_MATH = YES;
				ONLY_ACTIVE_ARCH = YES;
				SDKROOT = iphoneos;
				SWIFT_ACTIVE_COMPILATION_CONDITIONS = "DEBUG $(inherited)";
				SWIFT_OPTIMIZATION_LEVEL = "-Onone";
			};
			name = Debug;
		};
		C0E372A52C737329006461ED /* Release */ = {
			isa = XCBuildConfiguration;
			buildSettings = {
				ALWAYS_SEARCH_USER_PATHS = NO;
				ASSETCATALOG_COMPILER_GENERATE_SWIFT_ASSET_SYMBOL_EXTENSIONS = YES;
				CLANG_ANALYZER_NONNULL = YES;
				CLANG_ANALYZER_NUMBER_OBJECT_CONVERSION = YES_AGGRESSIVE;
				CLANG_CXX_LANGUAGE_STANDARD = "gnu++20";
				CLANG_ENABLE_MODULES = YES;
				CLANG_ENABLE_OBJC_ARC = YES;
				CLANG_ENABLE_OBJC_WEAK = YES;
				CLANG_WARN_BLOCK_CAPTURE_AUTORELEASING = YES;
				CLANG_WARN_BOOL_CONVERSION = YES;
				CLANG_WARN_COMMA = YES;
				CLANG_WARN_CONSTANT_CONVERSION = YES;
				CLANG_WARN_DEPRECATED_OBJC_IMPLEMENTATIONS = YES;
				CLANG_WARN_DIRECT_OBJC_ISA_USAGE = YES_ERROR;
				CLANG_WARN_DOCUMENTATION_COMMENTS = YES;
				CLANG_WARN_EMPTY_BODY = YES;
				CLANG_WARN_ENUM_CONVERSION = YES;
				CLANG_WARN_INFINITE_RECURSION = YES;
				CLANG_WARN_INT_CONVERSION = YES;
				CLANG_WARN_NON_LITERAL_NULL_CONVERSION = YES;
				CLANG_WARN_OBJC_IMPLICIT_RETAIN_SELF = YES;
				CLANG_WARN_OBJC_LITERAL_CONVERSION = YES;
				CLANG_WARN_OBJC_ROOT_CLASS = YES_ERROR;
				CLANG_WARN_QUOTED_INCLUDE_IN_FRAMEWORK_HEADER = YES;
				CLANG_WARN_RANGE_LOOP_ANALYSIS = YES;
				CLANG_WARN_STRICT_PROTOTYPES = YES;
				CLANG_WARN_SUSPICIOUS_MOVE = YES;
				CLANG_WARN_UNGUARDED_AVAILABILITY = YES_AGGRESSIVE;
				CLANG_WARN_UNREACHABLE_CODE = YES;
				CLANG_WARN__DUPLICATE_METHOD_MATCH = YES;
				COPY_PHASE_STRIP = NO;
				DEBUG_INFORMATION_FORMAT = "dwarf-with-dsym";
				ENABLE_NS_ASSERTIONS = NO;
				ENABLE_STRICT_OBJC_MSGSEND = YES;
				ENABLE_USER_SCRIPT_SANDBOXING = YES;
				GCC_C_LANGUAGE_STANDARD = gnu17;
				GCC_NO_COMMON_BLOCKS = YES;
				GCC_WARN_64_TO_32_BIT_CONVERSION = YES;
				GCC_WARN_ABOUT_RETURN_TYPE = YES_ERROR;
				GCC_WARN_UNDECLARED_SELECTOR = YES;
				GCC_WARN_UNINITIALIZED_AUTOS = YES_AGGRESSIVE;
				GCC_WARN_UNUSED_FUNCTION = YES;
				GCC_WARN_UNUSED_VARIABLE = YES;
				IPHONEOS_DEPLOYMENT_TARGET = 17.0;
				LOCALIZATION_PREFERS_STRING_CATALOGS = YES;
				MTL_ENABLE_DEBUG_INFO = NO;
				MTL_FAST_MATH = YES;
				SDKROOT = iphoneos;
				SWIFT_COMPILATION_MODE = wholemodule;
				VALIDATE_PRODUCT = YES;
			};
			name = Release;
		};
		C0E372A72C737329006461ED /* Debug */ = {
			isa = XCBuildConfiguration;
			buildSettings = {
				ASSETCATALOG_COMPILER_APPICON_NAME = AppIcon;
				ASSETCATALOG_COMPILER_GLOBAL_ACCENT_COLOR_NAME = AccentColor;
				CODE_SIGN_STYLE = Automatic;
				CURRENT_PROJECT_VERSION = 1;
				DEVELOPMENT_ASSET_PATHS = "\"SwiftUICryptoApp/Preview Content\"";
				ENABLE_PREVIEWS = YES;
				GENERATE_INFOPLIST_FILE = YES;
				INFOPLIST_KEY_CFBundleDisplayName = CryptoTracker;
				INFOPLIST_KEY_UIApplicationSceneManifest_Generation = YES;
				INFOPLIST_KEY_UIApplicationSupportsIndirectInputEvents = YES;
				INFOPLIST_KEY_UILaunchScreen_Generation = YES;
				INFOPLIST_KEY_UISupportedInterfaceOrientations = UIInterfaceOrientationPortrait;
				LD_RUNPATH_SEARCH_PATHS = (
					"$(inherited)",
					"@executable_path/Frameworks",
				);
				MARKETING_VERSION = 1.0;
				PRODUCT_BUNDLE_IDENTIFIER = com.ViktorDrykin.SwiftUICryptoApp;
				PRODUCT_NAME = "$(TARGET_NAME)";
				SWIFT_EMIT_LOC_STRINGS = YES;
				SWIFT_VERSION = 5.0;
				TARGETED_DEVICE_FAMILY = "1,2";
			};
			name = Debug;
		};
		C0E372A82C737329006461ED /* Release */ = {
			isa = XCBuildConfiguration;
			buildSettings = {
				ASSETCATALOG_COMPILER_APPICON_NAME = AppIcon;
				ASSETCATALOG_COMPILER_GLOBAL_ACCENT_COLOR_NAME = AccentColor;
				CODE_SIGN_STYLE = Automatic;
				CURRENT_PROJECT_VERSION = 1;
				DEVELOPMENT_ASSET_PATHS = "\"SwiftUICryptoApp/Preview Content\"";
				ENABLE_PREVIEWS = YES;
				GENERATE_INFOPLIST_FILE = YES;
				INFOPLIST_KEY_CFBundleDisplayName = CryptoTracker;
				INFOPLIST_KEY_UIApplicationSceneManifest_Generation = YES;
				INFOPLIST_KEY_UIApplicationSupportsIndirectInputEvents = YES;
				INFOPLIST_KEY_UILaunchScreen_Generation = YES;
				INFOPLIST_KEY_UISupportedInterfaceOrientations = UIInterfaceOrientationPortrait;
				LD_RUNPATH_SEARCH_PATHS = (
					"$(inherited)",
					"@executable_path/Frameworks",
				);
				MARKETING_VERSION = 1.0;
				PRODUCT_BUNDLE_IDENTIFIER = com.ViktorDrykin.SwiftUICryptoApp;
				PRODUCT_NAME = "$(TARGET_NAME)";
				SWIFT_EMIT_LOC_STRINGS = YES;
				SWIFT_VERSION = 5.0;
				TARGETED_DEVICE_FAMILY = "1,2";
			};
			name = Release;
		};
/* End XCBuildConfiguration section */

/* Begin XCConfigurationList section */
		C0E372932C737326006461ED /* Build configuration list for PBXProject "SwiftUICryptoApp" */ = {
			isa = XCConfigurationList;
			buildConfigurations = (
				C0E372A42C737329006461ED /* Debug */,
				C0E372A52C737329006461ED /* Release */,
			);
			defaultConfigurationIsVisible = 0;
			defaultConfigurationName = Release;
		};
		C0E372A62C737329006461ED /* Build configuration list for PBXNativeTarget "SwiftUICryptoApp" */ = {
			isa = XCConfigurationList;
			buildConfigurations = (
				C0E372A72C737329006461ED /* Debug */,
				C0E372A82C737329006461ED /* Release */,
			);
			defaultConfigurationIsVisible = 0;
			defaultConfigurationName = Release;
		};
/* End XCConfigurationList section */

/* Begin XCVersionGroup section */
		C0EF5A4E2C876C0400EBEFF5 /* PortfolioContainer.xcdatamodeld */ = {
			isa = XCVersionGroup;
			children = (
				C0EF5A4F2C876C0400EBEFF5 /* PortfolioContainer.xcdatamodel */,
			);
			currentVersion = C0EF5A4F2C876C0400EBEFF5 /* PortfolioContainer.xcdatamodel */;
			path = PortfolioContainer.xcdatamodeld;
			sourceTree = "<group>";
			versionGroupType = wrapper.xcdatamodel;
		};
/* End XCVersionGroup section */
	};
	rootObject = C0E372902C737326006461ED /* Project object */;
}
